{
  "nodes": {
    "bend": {
      "inputs": {
        "nixpkgs": [
          "nixpkgs"
        ]
      },
      "locked": {
        "lastModified": 1789876566,
        "narHash": "sha256-rvoRAkWR0lCBD32DAaxRm3OVs86RAPhccqEhqZKSwiY=",
        "owner": "bendlang",
        "repo": "bend",
        "rev": "7561656155a4285c1e4ccfcb3505ab59524de973",
        "type": "github"
      },
      "original": {
        "owner": "bendlang",
        "repo": "bend",
        "type": "github"
      }
    },
    "nixpkgs": {
      "locked": {
        "lastModified": 1789546076,
        "narHash": "sha256-zVxLZiSnmaaPLwnhj7pwmqe3axBg/C6nG5JZsJMh2g4=",
        "owner": "NixOS",
        "repo": "nixpkgs",
        "rev": "b1b875982b17dabde9b4a37f3e229e74913e6db3",
        "type": "github"
      },
      "original": {
        "owner": "NixOS",
        "ref": "nixos-unstable",
        "repo": "nixpkgs",
        "type": "github"
      }
    },
    "root": {
      "inputs": {
        "bend": "bend",
        "nixpkgs": "nixpkgs"
      }
    }
  },
  "root": "root",
  "version": 7
}
